{
    "_readme": [
        "This file locks the dependencies of your project to a known state",
        "Read more about it at http://getcomposer.org/doc/01-basic-usage.md#composer-lock-the-lock-file",
        "This file is @generated automatically"
    ],
    "hash": "3911cda32ae399d8dc059bafe160cc24",
    "packages": [
        {
            "name": "walkor/workerman",
            "version": "v3.1.1",
            "source": {
                "type": "git",
                "url": "https://github.com/walkor/workerman.git",
                "reference": "5d9d1b9d1792a56065d7cc2ff045972d13420a22"
            },
            "dist": {
                "type": "zip",
                "url": "https://api.github.com/repos/walkor/workerman/zipball/5d9d1b9d1792a56065d7cc2ff045972d13420a22",
                "reference": "5d9d1b9d1792a56065d7cc2ff045972d13420a22",
                "shasum": ""
            },
            "require": {
                "ext-sockets": "*",
                "php": ">=5.3"
            },
            "suggest": {
                "ext-libevent": "Really it's a requirement for normal work."
            },
            "type": "project",
            "notification-url": "https://packagist.org/downloads/",
            "license": [
                "MIT"
            ],
            "authors": [
                {
                    "name": "walkor",
                    "email": "walkor@workerman.net",
                    "homepage": "http://www.workerman.net",
                    "role": "Developer"
                }
            ],
            "description": " High performance Socket server framework for network applications implemented in PHP using libevent",
            "homepage": "http://www.workerman.net",
            "keywords": [
                "workerman"
            ],
            "time": "2015-04-09 09:30:34"
        }
    ],
    "packages-dev": [],
    "aliases": [],
    "minimum-stability": "stable",
    "stability-flags": [],
    "prefer-stable": false,
    "prefer-lowest": false,
    "platform": {
        "php": ">=5.4.0"
    },
    "platform-dev": []
}
